
Microsoft Visual Studio Solution File, Format Version 12.00
# Visual Studio Version 16
VisualStudioVersion = 16.0.35026.282
MinimumVisualStudioVersion = 10.0.40219.1
Project("{FAE04EC0-301F-11D3-BF4B-00C04F79EFBC}") = "LibraryMVC5", "LibraryMVC5.csproj", "{B347D1A8-2AD0-435B-81F5-98D704C83F6D}"
EndProject
Project("{FAE04EC0-301F-11D3-BF4B-00C04F79EFBC}") = "LibraryMVC5.Tests", "..\LibraryMVC5.Tests\LibraryMVC5.Tests.csproj", "{8DD1C37B-9AC9-4F91-8EEE-459729CF98EB}"
EndProject
Global
	GlobalSection(SolutionConfigurationPlatforms) = preSolution
		Debug|Any CPU = Debug|Any CPU
		Release|Any CPU = Release|Any CPU
	EndGlobalSection
	GlobalSection(ProjectConfigurationPlatforms) = postSolution
		{B347D1A8-2AD0-435B-81F5-98D704C83F6D}.Debug|Any CPU.ActiveCfg = Debug|Any CPU
		{B347D1A8-2AD0-435B-81F5-98D704C83F6D}.Debug|Any CPU.Build.0 = Debug|Any CPU
		{B347D1A8-2AD0-435B-81F5-98D704C83F6D}.Release|Any CPU.ActiveCfg = Release|Any CPU
		{B347D1A8-2AD0-435B-81F5-98D704C83F6D}.Release|Any CPU.Build.0 = Release|Any CPU
		{8DD1C37B-9AC9-4F91-8EEE-459729CF98EB}.Debug|Any CPU.ActiveCfg = Debug|Any CPU
		{8DD1C37B-9AC9-4F91-8EEE-459729CF98EB}.Debug|Any CPU.Build.0 = Debug|Any CPU
		{8DD1C37B-9AC9-4F91-8EEE-459729CF98EB}.Release|Any CPU.ActiveCfg = Release|Any CPU
		{8DD1C37B-9AC9-4F91-8EEE-459729CF98EB}.Release|Any CPU.Build.0 = Release|Any CPU
	EndGlobalSection
	GlobalSection(SolutionProperties) = preSolution
		HideSolutionNode = FALSE
	EndGlobalSection
	GlobalSection(ExtensibilityGlobals) = postSolution
		SolutionGuid = {C149CC67-3336-4687-87A0-2FEF156E3107}
	EndGlobalSection
EndGlobal
